
Microsoft Visual Studio Solution File, Format Version 12.00
# Visual Studio 15
VisualStudioVersion = 15.0.28010.2036
MinimumVisualStudioVersion = 10.0.40219.1
Project("{8BC9CEB8-8B4A-11D0-8D11-00A0C91BC942}") = "client_windows", "client_windows\client_windows.vcxproj", "{0CB7C884-0AF8-4174-923C-E4A91BB4832E}"
EndProject
Global
	GlobalSection(SolutionConfigurationPlatforms) = preSolution
		Debug|x64 = Debug|x64
		Debug|x86 = Debug|x86
		Release|x64 = Release|x64
		Release|x86 = Release|x86
	EndGlobalSection
	GlobalSection(ProjectConfigurationPlatforms) = postSolution
		{0CB7C884-0AF8-4174-923C-E4A91BB4832E}.Debug|x64.ActiveCfg = Debug|x64
		{0CB7C884-0AF8-4174-923C-E4A91BB4832E}.Debug|x64.Build.0 = Debug|x64
		{0CB7C884-0AF8-4174-923C-E4A91BB4832E}.Debug|x86.ActiveCfg = Debug|Win32
		{0CB7C884-0AF8-4174-923C-E4A91BB4832E}.Debug|x86.Build.0 = Debug|Win32
		{0CB7C884-0AF8-4174-923C-E4A91BB4832E}.Release|x64.ActiveCfg = Release|x64
		{0CB7C884-0AF8-4174-923C-E4A91BB4832E}.Release|x64.Build.0 = Release|x64
		{0CB7C884-0AF8-4174-923C-E4A91BB4832E}.Release|x86.ActiveCfg = Release|Win32
		{0CB7C884-0AF8-4174-923C-E4A91BB4832E}.Release|x86.Build.0 = Release|Win32
	EndGlobalSection
	GlobalSection(SolutionProperties) = preSolution
		HideSolutionNode = FALSE
	EndGlobalSection
	GlobalSection(ExtensibilityGlobals) = postSolution
		SolutionGuid = {82A643A3-8805-4226-8D4A-F33E6E937B75}
	EndGlobalSection
EndGlobal
