
Microsoft Visual Studio Solution File, Format Version 12.00
# Visual Studio 15
VisualStudioVersion = 15.0.28307.106
MinimumVisualStudioVersion = 10.0.40219.1
Project("{8BC9CEB8-8B4A-11D0-8D11-00A0C91BC942}") = "server_windows", "server_windows\server_windows.vcxproj", "{7C0FEF3E-12E2-4A8A-9423-00F2E1B0EFCB}"
EndProject
Global
	GlobalSection(SolutionConfigurationPlatforms) = preSolution
		Debug|x64 = Debug|x64
		Debug|x86 = Debug|x86
		Release|x64 = Release|x64
		Release|x86 = Release|x86
	EndGlobalSection
	GlobalSection(ProjectConfigurationPlatforms) = postSolution
		{7C0FEF3E-12E2-4A8A-9423-00F2E1B0EFCB}.Debug|x64.ActiveCfg = Debug|x64
		{7C0FEF3E-12E2-4A8A-9423-00F2E1B0EFCB}.Debug|x64.Build.0 = Debug|x64
		{7C0FEF3E-12E2-4A8A-9423-00F2E1B0EFCB}.Debug|x86.ActiveCfg = Debug|Win32
		{7C0FEF3E-12E2-4A8A-9423-00F2E1B0EFCB}.Debug|x86.Build.0 = Debug|Win32
		{7C0FEF3E-12E2-4A8A-9423-00F2E1B0EFCB}.Release|x64.ActiveCfg = Release|x64
		{7C0FEF3E-12E2-4A8A-9423-00F2E1B0EFCB}.Release|x64.Build.0 = Release|x64
		{7C0FEF3E-12E2-4A8A-9423-00F2E1B0EFCB}.Release|x86.ActiveCfg = Release|Win32
		{7C0FEF3E-12E2-4A8A-9423-00F2E1B0EFCB}.Release|x86.Build.0 = Release|Win32
	EndGlobalSection
	GlobalSection(SolutionProperties) = preSolution
		HideSolutionNode = FALSE
	EndGlobalSection
	GlobalSection(ExtensibilityGlobals) = postSolution
		SolutionGuid = {371A7698-AE30-4C3B-B6AF-7453AD516BBE}
	EndGlobalSection
EndGlobal
