<?xml version="1.0" encoding="utf-8"?>
<Project ToolsVersion="15.0" xmlns="http://schemas.microsoft.com/developer/msbuild/2003">
  <ItemGroup>
    <CustomBuild Include="C:\Users\eldar\Documents\GitHub\NetworksLab2018\simple_tcp\server_windows\CMakeFiles\3b2976d9bd5eadce815d55222b55eda4\generate.stamp.rule">
      <Filter>CMake Rules</Filter>
    </CustomBuild>
  </ItemGroup>
  <ItemGroup>
    <Filter Include="CMake Rules">
      <UniqueIdentifier>{2C7E969A-754C-34E0-9538-99E7930A1BF9}</UniqueIdentifier>
    </Filter>
  </ItemGroup>
</Project>
